
Microsoft Visual Studio Solution File, Format Version 12.00
# Visual Studio Version 16
VisualStudioVersion = 16.0.31702.278
MinimumVisualStudioVersion = 10.0.40219.1
Project("{9A19103F-16F7-4668-BE54-9A1E7A4F7556}") = "untitled_ffxiv_hunt_tracker", "untitled-ffxiv-hunt-tracker\untitled_ffxiv_hunt_tracker.csproj", "{275862EC-0A36-4D04-91E6-16BFAC42A048}"
EndProject
Project("{9A19103F-16F7-4668-BE54-9A1E7A4F7556}") = "ufht-UI", "ufht-UI\ufht-UI.csproj", "{21307424-62A0-4F45-B7D9-D5816C80E14C}"
EndProject
Global
	GlobalSection(SolutionConfigurationPlatforms) = preSolution
		Debug|Any CPU = Debug|Any CPU
		Debug|x64 = Debug|x64
		Release|Any CPU = Release|Any CPU
		Release|x64 = Release|x64
	EndGlobalSection
	GlobalSection(ProjectConfigurationPlatforms) = postSolution
		{275862EC-0A36-4D04-91E6-16BFAC42A048}.Debug|Any CPU.ActiveCfg = Debug|Any CPU
		{275862EC-0A36-4D04-91E6-16BFAC42A048}.Debug|Any CPU.Build.0 = Debug|Any CPU
		{275862EC-0A36-4D04-91E6-16BFAC42A048}.Debug|x64.ActiveCfg = Debug|x64
		{275862EC-0A36-4D04-91E6-16BFAC42A048}.Debug|x64.Build.0 = Debug|x64
		{275862EC-0A36-4D04-91E6-16BFAC42A048}.Release|Any CPU.ActiveCfg = Release|Any CPU
		{275862EC-0A36-4D04-91E6-16BFAC42A048}.Release|Any CPU.Build.0 = Release|Any CPU
		{275862EC-0A36-4D04-91E6-16BFAC42A048}.Release|x64.ActiveCfg = Release|x64
		{275862EC-0A36-4D04-91E6-16BFAC42A048}.Release|x64.Build.0 = Release|x64
		{21307424-62A0-4F45-B7D9-D5816C80E14C}.Debug|Any CPU.ActiveCfg = Debug|Any CPU
		{21307424-62A0-4F45-B7D9-D5816C80E14C}.Debug|Any CPU.Build.0 = Debug|Any CPU
		{21307424-62A0-4F45-B7D9-D5816C80E14C}.Debug|x64.ActiveCfg = Debug|x64
		{21307424-62A0-4F45-B7D9-D5816C80E14C}.Debug|x64.Build.0 = Debug|x64
		{21307424-62A0-4F45-B7D9-D5816C80E14C}.Release|Any CPU.ActiveCfg = Release|Any CPU
		{21307424-62A0-4F45-B7D9-D5816C80E14C}.Release|Any CPU.Build.0 = Release|Any CPU
		{21307424-62A0-4F45-B7D9-D5816C80E14C}.Release|x64.ActiveCfg = Release|x64
		{21307424-62A0-4F45-B7D9-D5816C80E14C}.Release|x64.Build.0 = Release|x64
	EndGlobalSection
	GlobalSection(SolutionProperties) = preSolution
		HideSolutionNode = FALSE
	EndGlobalSection
	GlobalSection(ExtensibilityGlobals) = postSolution
		SolutionGuid = {74B0E16F-A70B-43D6-8EC8-0928FCD45BE0}
	EndGlobalSection
EndGlobal
